
Microsoft Visual Studio Solution File, Format Version 12.00
# Visual Studio Version 17
VisualStudioVersion = 17.3.32922.545
MinimumVisualStudioVersion = 10.0.40219.1
Project("{9A19103F-16F7-4668-BE54-9A1E7A4F7556}") = "ProjectMenuPelanggan", "ProjectMenuPelanggan\ProjectMenuPelanggan.csproj", "{EBA9E448-3E6D-42B0-A798-78D7E1B0C77D}"
EndProject
Project("{2150E333-8FDC-42A3-9474-1A3956D46DE8}") = "1.Model", "1.Model", "{A2D1AE79-3C84-4A10-AE01-5E79552AFD9E}"
EndProject
Project("{2150E333-8FDC-42A3-9474-1A3956D46DE8}") = "2.Repository", "2.Repository", "{FF0E4470-33E6-4543-8A1D-C4B2F3CADB89}"
EndProject
Project("{2150E333-8FDC-42A3-9474-1A3956D46DE8}") = "3.Service", "3.Service", "{B6AEAEB8-6CDB-4592-B6EB-294397F0CA76}"
EndProject
Project("{2150E333-8FDC-42A3-9474-1A3956D46DE8}") = "4.Presentasi", "4.Presentasi", "{097E0245-5262-4C77-9198-B81B7FE09795}"
EndProject
Project("{9A19103F-16F7-4668-BE54-9A1E7A4F7556}") = "MenuItemModel", "MenuItemModel\MenuItemModel.csproj", "{59411B6B-1992-4F2E-A653-FCCBC93EA516}"
EndProject
Project("{9A19103F-16F7-4668-BE54-9A1E7A4F7556}") = "DataPelangganModel", "DataPelangganModel\DataPelangganModel.csproj", "{CFEC2296-0087-4A43-80A1-172422DCB2C9}"
EndProject
Project("{9A19103F-16F7-4668-BE54-9A1E7A4F7556}") = "PembelianModel", "PembelianModel\PembelianModel.csproj", "{2772AF3F-B1BB-43C8-91D0-45D4B5E84528}"
EndProject
Project("{9A19103F-16F7-4668-BE54-9A1E7A4F7556}") = "Repository", "Repository\Repository.csproj", "{A0F9B7E6-8936-4C92-ABDE-C63FA193806A}"
EndProject
Project("{9A19103F-16F7-4668-BE54-9A1E7A4F7556}") = "IRepository", "IRepository\IRepository.csproj", "{933B0450-21EE-445F-9D89-E5720B0AAEAE}"
EndProject
Project("{FAE04EC0-301F-11D3-BF4B-00C04F79EFBC}") = "IService", "IService\IService.csproj", "{9A7323BF-5DE7-44D0-858E-FB388D566DC7}"
EndProject
Project("{FAE04EC0-301F-11D3-BF4B-00C04F79EFBC}") = "Service", "Service\Service.csproj", "{F28FBA7E-C69D-4095-A0C9-56FE6F1F189C}"
EndProject
Global
	GlobalSection(SolutionConfigurationPlatforms) = preSolution
		Debug|Any CPU = Debug|Any CPU
		Release|Any CPU = Release|Any CPU
	EndGlobalSection
	GlobalSection(ProjectConfigurationPlatforms) = postSolution
		{EBA9E448-3E6D-42B0-A798-78D7E1B0C77D}.Debug|Any CPU.ActiveCfg = Debug|Any CPU
		{EBA9E448-3E6D-42B0-A798-78D7E1B0C77D}.Debug|Any CPU.Build.0 = Debug|Any CPU
		{EBA9E448-3E6D-42B0-A798-78D7E1B0C77D}.Release|Any CPU.ActiveCfg = Release|Any CPU
		{EBA9E448-3E6D-42B0-A798-78D7E1B0C77D}.Release|Any CPU.Build.0 = Release|Any CPU
		{59411B6B-1992-4F2E-A653-FCCBC93EA516}.Debug|Any CPU.ActiveCfg = Debug|Any CPU
		{59411B6B-1992-4F2E-A653-FCCBC93EA516}.Debug|Any CPU.Build.0 = Debug|Any CPU
		{59411B6B-1992-4F2E-A653-FCCBC93EA516}.Release|Any CPU.ActiveCfg = Release|Any CPU
		{59411B6B-1992-4F2E-A653-FCCBC93EA516}.Release|Any CPU.Build.0 = Release|Any CPU
		{CFEC2296-0087-4A43-80A1-172422DCB2C9}.Debug|Any CPU.ActiveCfg = Debug|Any CPU
		{CFEC2296-0087-4A43-80A1-172422DCB2C9}.Debug|Any CPU.Build.0 = Debug|Any CPU
		{CFEC2296-0087-4A43-80A1-172422DCB2C9}.Release|Any CPU.ActiveCfg = Release|Any CPU
		{CFEC2296-0087-4A43-80A1-172422DCB2C9}.Release|Any CPU.Build.0 = Release|Any CPU
		{2772AF3F-B1BB-43C8-91D0-45D4B5E84528}.Debug|Any CPU.ActiveCfg = Debug|Any CPU
		{2772AF3F-B1BB-43C8-91D0-45D4B5E84528}.Debug|Any CPU.Build.0 = Debug|Any CPU
		{2772AF3F-B1BB-43C8-91D0-45D4B5E84528}.Release|Any CPU.ActiveCfg = Release|Any CPU
		{2772AF3F-B1BB-43C8-91D0-45D4B5E84528}.Release|Any CPU.Build.0 = Release|Any CPU
		{A0F9B7E6-8936-4C92-ABDE-C63FA193806A}.Debug|Any CPU.ActiveCfg = Debug|Any CPU
		{A0F9B7E6-8936-4C92-ABDE-C63FA193806A}.Debug|Any CPU.Build.0 = Debug|Any CPU
		{A0F9B7E6-8936-4C92-ABDE-C63FA193806A}.Release|Any CPU.ActiveCfg = Release|Any CPU
		{A0F9B7E6-8936-4C92-ABDE-C63FA193806A}.Release|Any CPU.Build.0 = Release|Any CPU
		{933B0450-21EE-445F-9D89-E5720B0AAEAE}.Debug|Any CPU.ActiveCfg = Debug|Any CPU
		{933B0450-21EE-445F-9D89-E5720B0AAEAE}.Debug|Any CPU.Build.0 = Debug|Any CPU
		{933B0450-21EE-445F-9D89-E5720B0AAEAE}.Release|Any CPU.ActiveCfg = Release|Any CPU
		{933B0450-21EE-445F-9D89-E5720B0AAEAE}.Release|Any CPU.Build.0 = Release|Any CPU
		{9A7323BF-5DE7-44D0-858E-FB388D566DC7}.Debug|Any CPU.ActiveCfg = Debug|Any CPU
		{9A7323BF-5DE7-44D0-858E-FB388D566DC7}.Debug|Any CPU.Build.0 = Debug|Any CPU
		{9A7323BF-5DE7-44D0-858E-FB388D566DC7}.Release|Any CPU.ActiveCfg = Release|Any CPU
		{9A7323BF-5DE7-44D0-858E-FB388D566DC7}.Release|Any CPU.Build.0 = Release|Any CPU
		{F28FBA7E-C69D-4095-A0C9-56FE6F1F189C}.Debug|Any CPU.ActiveCfg = Debug|Any CPU
		{F28FBA7E-C69D-4095-A0C9-56FE6F1F189C}.Debug|Any CPU.Build.0 = Debug|Any CPU
		{F28FBA7E-C69D-4095-A0C9-56FE6F1F189C}.Release|Any CPU.ActiveCfg = Release|Any CPU
		{F28FBA7E-C69D-4095-A0C9-56FE6F1F189C}.Release|Any CPU.Build.0 = Release|Any CPU
	EndGlobalSection
	GlobalSection(SolutionProperties) = preSolution
		HideSolutionNode = FALSE
	EndGlobalSection
	GlobalSection(NestedProjects) = preSolution
		{EBA9E448-3E6D-42B0-A798-78D7E1B0C77D} = {097E0245-5262-4C77-9198-B81B7FE09795}
		{59411B6B-1992-4F2E-A653-FCCBC93EA516} = {A2D1AE79-3C84-4A10-AE01-5E79552AFD9E}
		{CFEC2296-0087-4A43-80A1-172422DCB2C9} = {A2D1AE79-3C84-4A10-AE01-5E79552AFD9E}
		{2772AF3F-B1BB-43C8-91D0-45D4B5E84528} = {A2D1AE79-3C84-4A10-AE01-5E79552AFD9E}
		{A0F9B7E6-8936-4C92-ABDE-C63FA193806A} = {FF0E4470-33E6-4543-8A1D-C4B2F3CADB89}
		{933B0450-21EE-445F-9D89-E5720B0AAEAE} = {FF0E4470-33E6-4543-8A1D-C4B2F3CADB89}
		{9A7323BF-5DE7-44D0-858E-FB388D566DC7} = {B6AEAEB8-6CDB-4592-B6EB-294397F0CA76}
		{F28FBA7E-C69D-4095-A0C9-56FE6F1F189C} = {B6AEAEB8-6CDB-4592-B6EB-294397F0CA76}
	EndGlobalSection
	GlobalSection(ExtensibilityGlobals) = postSolution
		SolutionGuid = {771B7C2B-6F8D-4DB3-9DD3-E9F45DAA5E5C}
	EndGlobalSection
EndGlobal
